// !$*UTF8*$!
{
	archiveVersion = 1;
	classes = {
	};
	objectVersion = 77;
	objects = {

/* Begin PBXContainerItemProxy section */
		3B5B191A2F654A5E00F8B048 /* PBXContainerItemProxy */ = {
			isa = PBXContainerItemProxy;
			containerPortal = 3B5B19022F654A5C00F8B048 /* Project object */;
			proxyType = 1;
			remoteGlobalIDString = 3B5B19092F654A5C00F8B048;
			remoteInfo = VaultDoc;
		};
		3B5B19242F654A5E00F8B048 /* PBXContainerItemProxy */ = {
			isa = PBXContainerItemProxy;
			containerPortal = 3B5B19022F654A5C00F8B048 /* Project object */;
			proxyType = 1;
			remoteGlobalIDString = 3B5B19092F654A5C00F8B048;
			remoteInfo = VaultDoc;
		};
/* End PBXContainerItemProxy section */

/* Begin PBXFileReference section */
		3B5B190A2F654A5C00F8B048 /* VaultDoc.app */ = {isa = PBXFileReference; explicitFileType = wrapper.application; includeInIndex = 0; path = VaultDoc.app; sourceTree = BUILT_PRODUCTS_DIR; };
		3B5B19192F654A5E00F8B048 /* VaultDocTests.xctest */ = {isa = PBXFileReference; explicitFileType = wrapper.cfbundle; includeInIndex = 0; path = VaultDocTests.xctest; sourceTree = BUILT_PRODUCTS_DIR; };
		3B5B19232F654A5E00F8B048 /* VaultDocUITests.xctest */ = {isa = PBXFileReference; explicitFileType = wrapper.cfbundle; includeInIndex = 0; path = VaultDocUITests.xctest; sourceTree = BUILT_PRODUCTS_DIR; };
/* End PBXFileReference section */

/* Begin PBXFileSystemSynchronizedRootGroup section */
		3B5B190C2F654A5C00F8B048 /* VaultDoc */ = {
			isa = PBXFileSystemSynchronizedRootGroup;
			path = VaultDoc;
			sourceTree = "<group>";
		};
		3B5B191C2F654A5E00F8B048 /* VaultDocTests */ = {
			isa = PBXFileSystemSynchronizedRootGroup;
			path = VaultDocTests;
			sourceTree = "<group>";
		};
		3B5B19262F654A5E00F8B048 /* VaultDocUITests */ = {
			isa = PBXFileSystemSynchronizedRootGroup;
			path = VaultDocUITests;
			sourceTree = "<group>";
		};
/* End PBXFileSystemSynchronizedRootGroup section */

/* Begin PBXFrameworksBuildPhase section */
		3B5B19072F654A5C00F8B048 /* Frameworks */ = {
			isa = PBXFrameworksBuildPhase;
			buildActionMask = 2147483647;
			files = (
			);
			runOnlyForDeploymentPostprocessing = 0;
		};
		3B5B19162F654A5E00F8B048 /* Frameworks */ = {
			isa = PBXFrameworksBuildPhase;
			buildActionMask = 2147483647;
			files = (
			);
			runOnlyForDeploymentPostprocessing = 0;
		};
		3B5B19202F654A5E00F8B048 /* Frameworks */ = {
			isa = PBXFrameworksBuildPhase;
			buildActionMask = 2147483647;
			files = (
			);
			runOnlyForDeploymentPostprocessing = 0;
		};
/* End PBXFrameworksBuildPhase section */

/* Begin PBXGroup section */
		3B5B19012F654A5C00F8B048 = {
			isa = PBXGroup;
			children = (
				3B5B190C2F654A5C00F8B048 /* VaultDoc */,
				3B5B191C2F654A5E00F8B048 /* VaultDocTests */,
				3B5B19262F654A5E00F8B048 /* VaultDocUITests */,
				3B5B190B2F654A5C00F8B048 /* Products */,
			);
			sourceTree = "<group>";
		};
		3B5B190B2F654A5C00F8B048 /* Products */ = {
			isa = PBXGroup;
			children = (
				3B5B190A2F654A5C00F8B048 /* VaultDoc.app */,
				3B5B19192F654A5E00F8B048 /* VaultDocTests.xctest */,
				3B5B19232F654A5E00F8B048 /* VaultDocUITests.xctest */,
			);
			name = Products;
			sourceTree = "<group>";
		};
/* End PBXGroup section */

/* Begin PBXNativeTarget section */
		3B5B19092F654A5C00F8B048 /* VaultDoc */ = {
			isa = PBXNativeTarget;
			buildConfigurationList = 3B5B192D2F654A5E00F8B048 /* Build configuration list for PBXNativeTarget "VaultDoc" */;
			buildPhases = (
				3B5B19062F654A5C00F8B048 /* Sources */,
				3B5B19072F654A5C00F8B048 /* Frameworks */,
				3B5B19082F654A5C00F8B048 /* Resources */,
			);
			buildRules = (
			);
			dependencies = (
			);
			fileSystemSynchronizedGroups = (
				3B5B190C2F654A5C00F8B048 /* VaultDoc */,
			);
			name = VaultDoc;
			packageProductDependencies = (
			);
			productName = VaultDoc;
			productReference = 3B5B190A2F654A5C00F8B048 /* VaultDoc.app */;
			productType = "com.apple.product-type.application";
		};
		3B5B19182F654A5E00F8B048 /* VaultDocTests */ = {
			isa = PBXNativeTarget;
			buildConfigurationList = 3B5B19302F654A5E00F8B048 /* Build configuration list for PBXNativeTarget "VaultDocTests" */;
			buildPhases = (
				3B5B19152F654A5E00F8B048 /* Sources */,
				3B5B19162F654A5E00F8B048 /* Frameworks */,
				3B5B19172F654A5E00F8B048 /* Resources */,
			);
			buildRules = (
			);
			dependencies = (
				3B5B191B2F654A5E00F8B048 /* PBXTargetDependency */,
			);
			fileSystemSynchronizedGroups = (
				3B5B191C2F654A5E00F8B048 /* VaultDocTests */,
			);
			name = VaultDocTests;
			packageProductDependencies = (
			);
			productName = VaultDocTests;
			productReference = 3B5B19192F654A5E00F8B048 /* VaultDocTests.xctest */;
			productType = "com.apple.product-type.bundle.unit-test";
		};
		3B5B19222F654A5E00F8B048 /* VaultDocUITests */ = {
			isa = PBXNativeTarget;
			buildConfigurationList = 3B5B19332F654A5E00F8B048 /* Build configuration list for PBXNativeTarget "VaultDocUITests" */;
			buildPhases = (
				3B5B191F2F654A5E00F8B048 /* Sources */,
				3B5B19202F654A5E00F8B048 /* Frameworks */,
				3B5B19212F654A5E00F8B048 /* Resources */,
			);
			buildRules = (
			);
			dependencies = (
				3B5B19252F654A5E00F8B048 /* PBXTargetDependency */,
			);
			fileSystemSynchronizedGroups = (
				3B5B19262F654A5E00F8B048 /* VaultDocUITests */,
			);
			name = VaultDocUITests;
			packageProductDependencies = (
			);
			productName = VaultDocUITests;
			productReference = 3B5B19232F654A5E00F8B048 /* VaultDocUITests.xctest */;
			productType = "com.apple.product-type.bundle.ui-testing";
		};
/* End PBXNativeTarget section */

/* Begin PBXProject section */
		3B5B19022F654A5C00F8B048 /* Project object */ = {
			isa = PBXProject;
			attributes = {
				BuildIndependentTargetsInParallel = 1;
				LastSwiftUpdateCheck = 2630;
				LastUpgradeCheck = 2630;
				TargetAttributes = {
					3B5B19092F654A5C00F8B048 = {
						CreatedOnToolsVersion = 26.3;
					};
					3B5B19182F654A5E00F8B048 = {
						CreatedOnToolsVersion = 26.3;
						TestTargetID = 3B5B19092F654A5C00F8B048;
					};
					3B5B19222F654A5E00F8B048 = {
						CreatedOnToolsVersion = 26.3;
						TestTargetID = 3B5B19092F654A5C00F8B048;
					};
				};
			};
			buildConfigurationList = 3B5B19052F654A5C00F8B048 /* Build configuration list for PBXProject "VaultDoc" */;
			developmentRegion = en;
			hasScannedForEncodings = 0;
			knownRegions = (
				en,
				Base,
			);
			mainGroup = 3B5B19012F654A5C00F8B048;
			minimizedProjectReferenceProxies = 1;
			preferredProjectObjectVersion = 77;
			productRefGroup = 3B5B190B2F654A5C00F8B048 /* Products */;
			projectDirPath = "";
			projectRoot = "";
			targets = (
				3B5B19092F654A5C00F8B048 /* VaultDoc */,
				3B5B19182F654A5E00F8B048 /* VaultDocTests */,
				3B5B19222F654A5E00F8B048 /* VaultDocUITests */,
			);
		};
/* End PBXProject section */

/* Begin PBXResourcesBuildPhase section */
		3B5B19082F654A5C00F8B048 /* Resources */ = {
			isa = PBXResourcesBuildPhase;
			buildActionMask = 2147483647;
			files = (
			);
			runOnlyForDeploymentPostprocessing = 0;
		};
		3B5B19172F654A5E00F8B048 /* Resources */ = {
			isa = PBXResourcesBuildPhase;
			buildActionMask = 2147483647;
			files = (
			);
			runOnlyForDeploymentPostprocessing = 0;
		};
		3B5B19212F654A5E00F8B048 /* Resources */ = {
			isa = PBXResourcesBuildPhase;
			buildActionMask = 2147483647;
			files = (
			);
			runOnlyForDeploymentPostprocessing = 0;
		};
/* End PBXResourcesBuildPhase section */

/* Begin PBXSourcesBuildPhase section */
		3B5B19062F654A5C00F8B048 /* Sources */ = {
			isa = PBXSourcesBuildPhase;
			buildActionMask = 2147483647;
			files = (
			);
			runOnlyForDeploymentPostprocessing = 0;
		};
		3B5B19152F654A5E00F8B048 /* Sources */ = {
			isa = PBXSourcesBuildPhase;
			buildActionMask = 2147483647;
			files = (
			);
			runOnlyForDeploymentPostprocessing = 0;
		};
		3B5B191F2F654A5E00F8B048 /* Sources */ = {
			isa = PBXSourcesBuildPhase;
			buildActionMask = 2147483647;
			files = (
			);
			runOnlyForDeploymentPostprocessing = 0;
		};
/* End PBXSourcesBuildPhase section */

/* Begin PBXTargetDependency section */
		3B5B191B2F654A5E00F8B048 /* PBXTargetDependency */ = {
			isa = PBXTargetDependency;
			target = 3B5B19092F654A5C00F8B048 /* VaultDoc */;
			targetProxy = 3B5B191A2F654A5E00F8B048 /* PBXContainerItemProxy */;
		};
		3B5B19252F654A5E00F8B048 /* PBXTargetDependency */ = {
			isa = PBXTargetDependency;
			target = 3B5B19092F654A5C00F8B048 /* VaultDoc */;
			targetProxy = 3B5B19242F654A5E00F8B048 /* PBXContainerItemProxy */;
		};
/* End PBXTargetDependency section */

/* Begin XCBuildConfiguration section */
		3B5B192B2F654A5E00F8B048 /* Debug */ = {
			isa = XCBuildConfiguration;
			buildSettings = {
				ALWAYS_SEARCH_USER_PATHS = NO;
				ASSETCATALOG_COMPILER_GENERATE_SWIFT_ASSET_SYMBOL_EXTENSIONS = YES;
				CLANG_ANALYZER_NONNULL = YES;
				CLANG_ANALYZER_NUMBER_OBJECT_CONVERSION = YES_AGGRESSIVE;
				CLANG_CXX_LANGUAGE_STANDARD = "gnu++20";
				CLANG_ENABLE_MODULES = YES;
				CLANG_ENABLE_OBJC_ARC = YES;
				CLANG_ENABLE_OBJC_WEAK = YES;
				CLANG_WARN_BLOCK_CAPTURE_AUTORELEASING = YES;
				CLANG_WARN_BOOL_CONVERSION = YES;
				CLANG_WARN_COMMA = YES;
				CLANG_WARN_CONSTANT_CONVERSION = YES;
				CLANG_WARN_DEPRECATED_OBJC_IMPLEMENTATIONS = YES;
				CLANG_WARN_DIRECT_OBJC_ISA_USAGE = YES_ERROR;
				CLANG_WARN_DOCUMENTATION_COMMENTS = YES;
				CLANG_WARN_EMPTY_BODY = YES;
				CLANG_WARN_ENUM_CONVERSION = YES;
				CLANG_WARN_INFINITE_RECURSION = YES;
				CLANG_WARN_INT_CONVERSION = YES;
				CLANG_WARN_NON_LITERAL_NULL_CONVERSION = YES;
				CLANG_WARN_OBJC_IMPLICIT_RETAIN_SELF = YES;
				CLANG_WARN_OBJC_LITERAL_CONVERSION = YES;
				CLANG_WARN_OBJC_ROOT_CLASS = YES_ERROR;
				CLANG_WARN_QUOTED_INCLUDE_IN_FRAMEWORK_HEADER = YES;
				CLANG_WARN_RANGE_LOOP_ANALYSIS = YES;
				CLANG_WARN_STRICT_PROTOTYPES = YES;
				CLANG_WARN_SUSPICIOUS_MOVE = YES;
				CLANG_WARN_UNGUARDED_AVAILABILITY = YES_AGGRESSIVE;
				CLANG_WARN_UNREACHABLE_CODE = YES;
				CLANG_WARN__DUPLICATE_METHOD_MATCH = YES;
				COPY_PHASE_STRIP = NO;
				DEBUG_INFORMATION_FORMAT = dwarf;
				DEVELOPMENT_TEAM = 26GL6MZ47F;
				ENABLE_STRICT_OBJC_MSGSEND = YES;
				ENABLE_TESTABILITY = YES;
				ENABLE_USER_SCRIPT_SANDBOXING = YES;
				GCC_C_LANGUAGE_STANDARD = gnu17;
				GCC_DYNAMIC_NO_PIC = NO;
				GCC_NO_COMMON_BLOCKS = YES;
				GCC_OPTIMIZATION_LEVEL = 0;
				GCC_PREPROCESSOR_DEFINITIONS = (
					"DEBUG=1",
					"$(inherited)",
				);
				GCC_WARN_64_TO_32_BIT_CONVERSION = YES;
				GCC_WARN_ABOUT_RETURN_TYPE = YES_ERROR;
				GCC_WARN_UNDECLARED_SELECTOR = YES;
				GCC_WARN_UNINITIALIZED_AUTOS = YES_AGGRESSIVE;
				GCC_WARN_UNUSED_FUNCTION = YES;
				GCC_WARN_UNUSED_VARIABLE = YES;
				IPHONEOS_DEPLOYMENT_TARGET = 26.2;
				LOCALIZATION_PREFERS_STRING_CATALOGS = YES;
				MTL_ENABLE_DEBUG_INFO = INCLUDE_SOURCE;
				MTL_FAST_MATH = YES;
				ONLY_ACTIVE_ARCH = YES;
				SDKROOT = iphoneos;
				SWIFT_ACTIVE_COMPILATION_CONDITIONS = "DEBUG $(inherited)";
				SWIFT_OPTIMIZATION_LEVEL = "-Onone";
			};
			name = Debug;
		};
		3B5B192C2F654A5E00F8B048 /* Release */ = {
			isa = XCBuildConfiguration;
			buildSettings = {
				ALWAYS_SEARCH_USER_PATHS = NO;
				ASSETCATALOG_COMPILER_GENERATE_SWIFT_ASSET_SYMBOL_EXTENSIONS = YES;
				CLANG_ANALYZER_NONNULL = YES;
				CLANG_ANALYZER_NUMBER_OBJECT_CONVERSION = YES_AGGRESSIVE;
				CLANG_CXX_LANGUAGE_STANDARD = "gnu++20";
				CLANG_ENABLE_MODULES = YES;
				CLANG_ENABLE_OBJC_ARC = YES;
				CLANG_ENABLE_OBJC_WEAK = YES;
				CLANG_WARN_BLOCK_CAPTURE_AUTORELEASING = YES;
				CLANG_WARN_BOOL_CONVERSION = YES;
				CLANG_WARN_COMMA = YES;
				CLANG_WARN_CONSTANT_CONVERSION = YES;
				CLANG_WARN_DEPRECATED_OBJC_IMPLEMENTATIONS = YES;
				CLANG_WARN_DIRECT_OBJC_ISA_USAGE = YES_ERROR;
				CLANG_WARN_DOCUMENTATION_COMMENTS = YES;
				CLANG_WARN_EMPTY_BODY = YES;
				CLANG_WARN_ENUM_CONVERSION = YES;
				CLANG_WARN_INFINITE_RECURSION = YES;
				CLANG_WARN_INT_CONVERSION = YES;
				CLANG_WARN_NON_LITERAL_NULL_CONVERSION = YES;
				CLANG_WARN_OBJC_IMPLICIT_RETAIN_SELF = YES;
				CLANG_WARN_OBJC_LITERAL_CONVERSION = YES;
				CLANG_WARN_OBJC_ROOT_CLASS = YES_ERROR;
				CLANG_WARN_QUOTED_INCLUDE_IN_FRAMEWORK_HEADER = YES;
				CLANG_WARN_RANGE_LOOP_ANALYSIS = YES;
				CLANG_WARN_STRICT_PROTOTYPES = YES;
				CLANG_WARN_SUSPICIOUS_MOVE = YES;
				CLANG_WARN_UNGUARDED_AVAILABILITY = YES_AGGRESSIVE;
				CLANG_WARN_UNREACHABLE_CODE = YES;
				CLANG_WARN__DUPLICATE_METHOD_MATCH = YES;
				COPY_PHASE_STRIP = NO;
				DEBUG_INFORMATION_FORMAT = "dwarf-with-dsym";
				DEVELOPMENT_TEAM = 26GL6MZ47F;
				ENABLE_NS_ASSERTIONS = NO;
				ENABLE_STRICT_OBJC_MSGSEND = YES;
				ENABLE_USER_SCRIPT_SANDBOXING = YES;
				GCC_C_LANGUAGE_STANDARD = gnu17;
				GCC_NO_COMMON_BLOCKS = YES;
				GCC_WARN_64_TO_32_BIT_CONVERSION = YES;
				GCC_WARN_ABOUT_RETURN_TYPE = YES_ERROR;
				GCC_WARN_UNDECLARED_SELECTOR = YES;
				GCC_WARN_UNINITIALIZED_AUTOS = YES_AGGRESSIVE;
				GCC_WARN_UNUSED_FUNCTION = YES;
				GCC_WARN_UNUSED_VARIABLE = YES;
				IPHONEOS_DEPLOYMENT_TARGET = 26.2;
				LOCALIZATION_PREFERS_STRING_CATALOGS = YES;
				MTL_ENABLE_DEBUG_INFO = NO;
				MTL_FAST_MATH = YES;
				SDKROOT = iphoneos;
				SWIFT_COMPILATION_MODE = wholemodule;
				VALIDATE_PRODUCT = YES;
			};
			name = Release;
		};
		3B5B192E2F654A5E00F8B048 /* Debug */ = {
			isa = XCBuildConfiguration;
			buildSettings = {
				ASSETCATALOG_COMPILER_APPICON_NAME = AppIcon;
				ASSETCATALOG_COMPILER_GLOBAL_ACCENT_COLOR_NAME = AccentColor;
				CODE_SIGN_STYLE = Automatic;
				CURRENT_PROJECT_VERSION = 1;
				DEVELOPMENT_TEAM = 26GL6MZ47F;
				ENABLE_PREVIEWS = YES;
				GENERATE_INFOPLIST_FILE = YES;
				INFOPLIST_KEY_CFBundleDisplayName = VaultDoc;
				INFOPLIST_KEY_LSApplicationCategoryType = "public.app-category.utilities";
				INFOPLIST_KEY_NSCameraUsageDescription = "VaultDoc needs camera access to photograph your valuables";
				INFOPLIST_KEY_NSFaceIDUsageDescription = "Vault​Doc uses ​Face ​ID to unlock your saved account securely.";
				INFOPLIST_KEY_NSPhotoLibraryAddUsageDescription = "VaultDoc saves item photos to your library";
				INFOPLIST_KEY_NSPhotoLibraryUsageDescription = "VaultDoc needs photo library access to attach item photos";
				INFOPLIST_KEY_UIApplicationSceneManifest_Generation = YES;
				INFOPLIST_KEY_UIApplicationSupportsIndirectInputEvents = YES;
				INFOPLIST_KEY_UILaunchScreen_Generation = YES;
				INFOPLIST_KEY_UISupportedInterfaceOrientations_iPad = "UIInterfaceOrientationPortrait UIInterfaceOrientationPortraitUpsideDown UIInterfaceOrientationLandscapeLeft UIInterfaceOrientationLandscapeRight";
				INFOPLIST_KEY_UISupportedInterfaceOrientations_iPhone = UIInterfaceOrientationPortrait;
				IPHONEOS_DEPLOYMENT_TARGET = 18.6;
				LD_RUNPATH_SEARCH_PATHS = (
					"$(inherited)",
					"@executable_path/Frameworks",
				);
				MARKETING_VERSION = 1.0;
				PRODUCT_BUNDLE_IDENTIFIER = com.chatoyant.VaultDoc;
				PRODUCT_NAME = "$(TARGET_NAME)";
				STRING_CATALOG_GENERATE_SYMBOLS = YES;
				SWIFT_APPROACHABLE_CONCURRENCY = YES;
				SWIFT_DEFAULT_ACTOR_ISOLATION = MainActor;
				SWIFT_EMIT_LOC_STRINGS = YES;
				SWIFT_UPCOMING_FEATURE_MEMBER_IMPORT_VISIBILITY = YES;
				SWIFT_VERSION = 5.0;
				TARGETED_DEVICE_FAMILY = "1,2";
			};
			name = Debug;
		};
		3B5B192F2F654A5E00F8B048 /* Release */ = {
			isa = XCBuildConfiguration;
			buildSettings = {
				ASSETCATALOG_COMPILER_APPICON_NAME = AppIcon;
				ASSETCATALOG_COMPILER_GLOBAL_ACCENT_COLOR_NAME = AccentColor;
				CODE_SIGN_STYLE = Automatic;
				CURRENT_PROJECT_VERSION = 1;
				DEVELOPMENT_TEAM = 26GL6MZ47F;
				ENABLE_PREVIEWS = YES;
				GENERATE_INFOPLIST_FILE = YES;
				INFOPLIST_KEY_CFBundleDisplayName = VaultDoc;
				INFOPLIST_KEY_LSApplicationCategoryType = "public.app-category.utilities";
				INFOPLIST_KEY_NSCameraUsageDescription = "VaultDoc needs camera access to photograph your valuables";
				INFOPLIST_KEY_NSFaceIDUsageDescription = "Vault​Doc uses ​Face ​ID to unlock your saved account securely.";
				INFOPLIST_KEY_NSPhotoLibraryAddUsageDescription = "VaultDoc saves item photos to your library";
				INFOPLIST_KEY_NSPhotoLibraryUsageDescription = "VaultDoc needs photo library access to attach item photos";
				INFOPLIST_KEY_UIApplicationSceneManifest_Generation = YES;
				INFOPLIST_KEY_UIApplicationSupportsIndirectInputEvents = YES;
				INFOPLIST_KEY_UILaunchScreen_Generation = YES;
				INFOPLIST_KEY_UISupportedInterfaceOrientations_iPad = "UIInterfaceOrientationPortrait UIInterfaceOrientationPortraitUpsideDown UIInterfaceOrientationLandscapeLeft UIInterfaceOrientationLandscapeRight";
				INFOPLIST_KEY_UISupportedInterfaceOrientations_iPhone = UIInterfaceOrientationPortrait;
				IPHONEOS_DEPLOYMENT_TARGET = 18.6;
				LD_RUNPATH_SEARCH_PATHS = (
					"$(inherited)",
					"@executable_path/Frameworks",
				);
				MARKETING_VERSION = 1.0;
				PRODUCT_BUNDLE_IDENTIFIER = com.chatoyant.VaultDoc;
				PRODUCT_NAME = "$(TARGET_NAME)";
				STRING_CATALOG_GENERATE_SYMBOLS = YES;
				SWIFT_APPROACHABLE_CONCURRENCY = YES;
				SWIFT_DEFAULT_ACTOR_ISOLATION = MainActor;
				SWIFT_EMIT_LOC_STRINGS = YES;
				SWIFT_UPCOMING_FEATURE_MEMBER_IMPORT_VISIBILITY = YES;
				SWIFT_VERSION = 5.0;
				TARGETED_DEVICE_FAMILY = "1,2";
			};
			name = Release;
		};
		3B5B19312F654A5E00F8B048 /* Debug */ = {
			isa = XCBuildConfiguration;
			buildSettings = {
				BUNDLE_LOADER = "$(TEST_HOST)";
				CODE_SIGN_STYLE = Automatic;
				CURRENT_PROJECT_VERSION = 1;
				DEVELOPMENT_TEAM = 26GL6MZ47F;
				GENERATE_INFOPLIST_FILE = YES;
				IPHONEOS_DEPLOYMENT_TARGET = 26.2;
				MARKETING_VERSION = 1.0;
				PRODUCT_BUNDLE_IDENTIFIER = com.chatoyant.VaultDocTests;
				PRODUCT_NAME = "$(TARGET_NAME)";
				STRING_CATALOG_GENERATE_SYMBOLS = NO;
				SWIFT_APPROACHABLE_CONCURRENCY = YES;
				SWIFT_EMIT_LOC_STRINGS = NO;
				SWIFT_UPCOMING_FEATURE_MEMBER_IMPORT_VISIBILITY = YES;
				SWIFT_VERSION = 5.0;
				TARGETED_DEVICE_FAMILY = "1,2";
				TEST_HOST = "$(BUILT_PRODUCTS_DIR)/VaultDoc.app/$(BUNDLE_EXECUTABLE_FOLDER_PATH)/VaultDoc";
			};
			name = Debug;
		};
		3B5B19322F654A5E00F8B048 /* Release */ = {
			isa = XCBuildConfiguration;
			buildSettings = {
				BUNDLE_LOADER = "$(TEST_HOST)";
				CODE_SIGN_STYLE = Automatic;
				CURRENT_PROJECT_VERSION = 1;
				DEVELOPMENT_TEAM = 26GL6MZ47F;
				GENERATE_INFOPLIST_FILE = YES;
				IPHONEOS_DEPLOYMENT_TARGET = 26.2;
				MARKETING_VERSION = 1.0;
				PRODUCT_BUNDLE_IDENTIFIER = com.chatoyant.VaultDocTests;
				PRODUCT_NAME = "$(TARGET_NAME)";
				STRING_CATALOG_GENERATE_SYMBOLS = NO;
				SWIFT_APPROACHABLE_CONCURRENCY = YES;
				SWIFT_EMIT_LOC_STRINGS = NO;
				SWIFT_UPCOMING_FEATURE_MEMBER_IMPORT_VISIBILITY = YES;
				SWIFT_VERSION = 5.0;
				TARGETED_DEVICE_FAMILY = "1,2";
				TEST_HOST = "$(BUILT_PRODUCTS_DIR)/VaultDoc.app/$(BUNDLE_EXECUTABLE_FOLDER_PATH)/VaultDoc";
			};
			name = Release;
		};
		3B5B19342F654A5E00F8B048 /* Debug */ = {
			isa = XCBuildConfiguration;
			buildSettings = {
				CODE_SIGN_STYLE = Automatic;
				CURRENT_PROJECT_VERSION = 1;
				DEVELOPMENT_TEAM = 26GL6MZ47F;
				GENERATE_INFOPLIST_FILE = YES;
				MARKETING_VERSION = 1.0;
				PRODUCT_BUNDLE_IDENTIFIER = com.chatoyant.VaultDocUITests;
				PRODUCT_NAME = "$(TARGET_NAME)";
				STRING_CATALOG_GENERATE_SYMBOLS = NO;
				SWIFT_APPROACHABLE_CONCURRENCY = YES;
				SWIFT_EMIT_LOC_STRINGS = NO;
				SWIFT_UPCOMING_FEATURE_MEMBER_IMPORT_VISIBILITY = YES;
				SWIFT_VERSION = 5.0;
				TARGETED_DEVICE_FAMILY = "1,2";
				TEST_TARGET_NAME = VaultDoc;
			};
			name = Debug;
		};
		3B5B19352F654A5E00F8B048 /* Release */ = {
			isa = XCBuildConfiguration;
			buildSettings = {
				CODE_SIGN_STYLE = Automatic;
				CURRENT_PROJECT_VERSION = 1;
				DEVELOPMENT_TEAM = 26GL6MZ47F;
				GENERATE_INFOPLIST_FILE = YES;
				MARKETING_VERSION = 1.0;
				PRODUCT_BUNDLE_IDENTIFIER = com.chatoyant.VaultDocUITests;
				PRODUCT_NAME = "$(TARGET_NAME)";
				STRING_CATALOG_GENERATE_SYMBOLS = NO;
				SWIFT_APPROACHABLE_CONCURRENCY = YES;
				SWIFT_EMIT_LOC_STRINGS = NO;
				SWIFT_UPCOMING_FEATURE_MEMBER_IMPORT_VISIBILITY = YES;
				SWIFT_VERSION = 5.0;
				TARGETED_DEVICE_FAMILY = "1,2";
				TEST_TARGET_NAME = VaultDoc;
			};
			name = Release;
		};
/* End XCBuildConfiguration section */

/* Begin XCConfigurationList section */
		3B5B19052F654A5C00F8B048 /* Build configuration list for PBXProject "VaultDoc" */ = {
			isa = XCConfigurationList;
			buildConfigurations = (
				3B5B192B2F654A5E00F8B048 /* Debug */,
				3B5B192C2F654A5E00F8B048 /* Release */,
			);
			defaultConfigurationIsVisible = 0;
			defaultConfigurationName = Release;
		};
		3B5B192D2F654A5E00F8B048 /* Build configuration list for PBXNativeTarget "VaultDoc" */ = {
			isa = XCConfigurationList;
			buildConfigurations = (
				3B5B192E2F654A5E00F8B048 /* Debug */,
				3B5B192F2F654A5E00F8B048 /* Release */,
			);
			defaultConfigurationIsVisible = 0;
			defaultConfigurationName = Release;
		};
		3B5B19302F654A5E00F8B048 /* Build configuration list for PBXNativeTarget "VaultDocTests" */ = {
			isa = XCConfigurationList;
			buildConfigurations = (
				3B5B19312F654A5E00F8B048 /* Debug */,
				3B5B19322F654A5E00F8B048 /* Release */,
			);
			defaultConfigurationIsVisible = 0;
			defaultConfigurationName = Release;
		};
		3B5B19332F654A5E00F8B048 /* Build configuration list for PBXNativeTarget "VaultDocUITests" */ = {
			isa = XCConfigurationList;
			buildConfigurations = (
				3B5B19342F654A5E00F8B048 /* Debug */,
				3B5B19352F654A5E00F8B048 /* Release */,
			);
			defaultConfigurationIsVisible = 0;
			defaultConfigurationName = Release;
		};
/* End XCConfigurationList section */
	};
	rootObject = 3B5B19022F654A5C00F8B048 /* Project object */;
}
